
Microsoft Visual Studio Solution File, Format Version 12.00
# Visual Studio 2012
Project("{FAE04EC0-301F-11D3-BF4B-00C04F79EFBC}") = "DataCol", "DataCol.csproj", "{BC5B94DC-6B58-4AC6-AD15-A151E03B572C}"
EndProject
Global
	GlobalSection(SolutionConfigurationPlatforms) = preSolution
		Debug|Any CPU = Debug|Any CPU
		Release|Any CPU = Release|Any CPU
	EndGlobalSection
	GlobalSection(ProjectConfigurationPlatforms) = postSolution
		{BC5B94DC-6B58-4AC6-AD15-A151E03B572C}.Debug|Any CPU.ActiveCfg = Debug|Any CPU
		{BC5B94DC-6B58-4AC6-AD15-A151E03B572C}.Debug|Any CPU.Build.0 = Debug|Any CPU
		{BC5B94DC-6B58-4AC6-AD15-A151E03B572C}.Release|Any CPU.ActiveCfg = Release|Any CPU
		{BC5B94DC-6B58-4AC6-AD15-A151E03B572C}.Release|Any CPU.Build.0 = Release|Any CPU
	EndGlobalSection
	GlobalSection(SolutionProperties) = preSolution
		HideSolutionNode = FALSE
	EndGlobalSection
EndGlobal
