
Microsoft Visual Studio Solution File, Format Version 12.00
# Visual Studio 15
VisualStudioVersion = 15.0.28307.1684
MinimumVisualStudioVersion = 10.0.40219.1
Project("{FAE04EC0-301F-11D3-BF4B-00C04F79EFBC}") = "WindowsFormsApp1", "WindowsFormsApp1\WindowsFormsApp1.csproj", "{9F376309-218F-453C-980D-3B18CFA59154}"
EndProject
Global
	GlobalSection(SolutionConfigurationPlatforms) = preSolution
		Debug|Any CPU = Debug|Any CPU
		Release|Any CPU = Release|Any CPU
	EndGlobalSection
	GlobalSection(ProjectConfigurationPlatforms) = postSolution
		{9F376309-218F-453C-980D-3B18CFA59154}.Debug|Any CPU.ActiveCfg = Debug|Any CPU
		{9F376309-218F-453C-980D-3B18CFA59154}.Debug|Any CPU.Build.0 = Debug|Any CPU
		{9F376309-218F-453C-980D-3B18CFA59154}.Release|Any CPU.ActiveCfg = Release|Any CPU
		{9F376309-218F-453C-980D-3B18CFA59154}.Release|Any CPU.Build.0 = Release|Any CPU
	EndGlobalSection
	GlobalSection(SolutionProperties) = preSolution
		HideSolutionNode = FALSE
	EndGlobalSection
	GlobalSection(ExtensibilityGlobals) = postSolution
		SolutionGuid = {29254E83-E289-48F4-B20A-F42868042079}
	EndGlobalSection
EndGlobal
