
Microsoft Visual Studio Solution File, Format Version 12.00
# Visual Studio 15
VisualStudioVersion = 15.0.28307.1684
MinimumVisualStudioVersion = 10.0.40219.1
Project("{FAE04EC0-301F-11D3-BF4B-00C04F79EFBC}") = "WindowsFormsApp1", "WindowsFormsApp1\WindowsFormsApp1.csproj", "{40A5D622-D3EA-4F87-B12C-7DBA79B9BFF8}"
EndProject
Global
	GlobalSection(SolutionConfigurationPlatforms) = preSolution
		Debug|Any CPU = Debug|Any CPU
		Release|Any CPU = Release|Any CPU
	EndGlobalSection
	GlobalSection(ProjectConfigurationPlatforms) = postSolution
		{40A5D622-D3EA-4F87-B12C-7DBA79B9BFF8}.Debug|Any CPU.ActiveCfg = Debug|Any CPU
		{40A5D622-D3EA-4F87-B12C-7DBA79B9BFF8}.Debug|Any CPU.Build.0 = Debug|Any CPU
		{40A5D622-D3EA-4F87-B12C-7DBA79B9BFF8}.Release|Any CPU.ActiveCfg = Release|Any CPU
		{40A5D622-D3EA-4F87-B12C-7DBA79B9BFF8}.Release|Any CPU.Build.0 = Release|Any CPU
	EndGlobalSection
	GlobalSection(SolutionProperties) = preSolution
		HideSolutionNode = FALSE
	EndGlobalSection
	GlobalSection(ExtensibilityGlobals) = postSolution
		SolutionGuid = {BB5BA48D-7041-41C7-B7B5-137103B7B721}
	EndGlobalSection
EndGlobal
