
Microsoft Visual Studio Solution File, Format Version 12.00
# Visual Studio 15
VisualStudioVersion = 15.0.28307.1259
MinimumVisualStudioVersion = 10.0.40219.1
Project("{FAE04EC0-301F-11D3-BF4B-00C04F79EFBC}") = "base_demo", "base_demo.csproj", "{42A5E59D-1FC5-4A4C-BA85-F305966F837D}"
EndProject
Global
	GlobalSection(SolutionConfigurationPlatforms) = preSolution
		Debug|Any CPU = Debug|Any CPU
		Release|Any CPU = Release|Any CPU
	EndGlobalSection
	GlobalSection(ProjectConfigurationPlatforms) = postSolution
		{42A5E59D-1FC5-4A4C-BA85-F305966F837D}.Debug|Any CPU.ActiveCfg = Debug|Any CPU
		{42A5E59D-1FC5-4A4C-BA85-F305966F837D}.Debug|Any CPU.Build.0 = Debug|Any CPU
		{42A5E59D-1FC5-4A4C-BA85-F305966F837D}.Release|Any CPU.ActiveCfg = Release|Any CPU
		{42A5E59D-1FC5-4A4C-BA85-F305966F837D}.Release|Any CPU.Build.0 = Release|Any CPU
	EndGlobalSection
	GlobalSection(SolutionProperties) = preSolution
		HideSolutionNode = FALSE
	EndGlobalSection
	GlobalSection(ExtensibilityGlobals) = postSolution
		SolutionGuid = {B62C751C-62E7-4397-BEAB-0502CA1B8E9F}
	EndGlobalSection
EndGlobal
