
Microsoft Visual Studio Solution File, Format Version 12.00
# Visual Studio 15
VisualStudioVersion = 15.0.28307.1684
MinimumVisualStudioVersion = 10.0.40219.1
Project("{FAE04EC0-301F-11D3-BF4B-00C04F79EFBC}") = "ConsoleApp2", "ConsoleApp2\ConsoleApp2.csproj", "{862285E0-D9D4-48F8-9D4E-F3BEAF6AEAE6}"
EndProject
Global
	GlobalSection(SolutionConfigurationPlatforms) = preSolution
		Debug|Any CPU = Debug|Any CPU
		Release|Any CPU = Release|Any CPU
	EndGlobalSection
	GlobalSection(ProjectConfigurationPlatforms) = postSolution
		{862285E0-D9D4-48F8-9D4E-F3BEAF6AEAE6}.Debug|Any CPU.ActiveCfg = Debug|Any CPU
		{862285E0-D9D4-48F8-9D4E-F3BEAF6AEAE6}.Debug|Any CPU.Build.0 = Debug|Any CPU
		{862285E0-D9D4-48F8-9D4E-F3BEAF6AEAE6}.Release|Any CPU.ActiveCfg = Release|Any CPU
		{862285E0-D9D4-48F8-9D4E-F3BEAF6AEAE6}.Release|Any CPU.Build.0 = Release|Any CPU
	EndGlobalSection
	GlobalSection(SolutionProperties) = preSolution
		HideSolutionNode = FALSE
	EndGlobalSection
	GlobalSection(ExtensibilityGlobals) = postSolution
		SolutionGuid = {BC29DF6F-979F-4C12-8B28-A16E9FBCEF10}
	EndGlobalSection
EndGlobal
