
Microsoft Visual Studio Solution File, Format Version 11.00
# Visual Studio 2010
Project("{FAE04EC0-301F-11D3-BF4B-00C04F79EFBC}") = "StuScore", "StuScore.csproj", "{432B07AF-7FEE-4146-A9E9-62B5973D7FAF}"
EndProject
Global
	GlobalSection(SolutionConfigurationPlatforms) = preSolution
		Debug|x86 = Debug|x86
		Release|x86 = Release|x86
	EndGlobalSection
	GlobalSection(ProjectConfigurationPlatforms) = postSolution
		{432B07AF-7FEE-4146-A9E9-62B5973D7FAF}.Debug|x86.ActiveCfg = Debug|x86
		{432B07AF-7FEE-4146-A9E9-62B5973D7FAF}.Debug|x86.Build.0 = Debug|x86
		{432B07AF-7FEE-4146-A9E9-62B5973D7FAF}.Release|x86.ActiveCfg = Release|x86
		{432B07AF-7FEE-4146-A9E9-62B5973D7FAF}.Release|x86.Build.0 = Release|x86
	EndGlobalSection
	GlobalSection(SolutionProperties) = preSolution
		HideSolutionNode = FALSE
	EndGlobalSection
EndGlobal
