
Microsoft Visual Studio Solution File, Format Version 12.00
# Visual Studio 15
VisualStudioVersion = 15.0.28307.1684
MinimumVisualStudioVersion = 10.0.40219.1
Project("{FAE04EC0-301F-11D3-BF4B-00C04F79EFBC}") = "WindowsFormsApp1", "WindowsFormsApp1\WindowsFormsApp1.csproj", "{F4AC12EB-C39D-4AE7-B4A6-7BAF4B5F52DF}"
EndProject
Global
	GlobalSection(SolutionConfigurationPlatforms) = preSolution
		Debug|Any CPU = Debug|Any CPU
		Release|Any CPU = Release|Any CPU
	EndGlobalSection
	GlobalSection(ProjectConfigurationPlatforms) = postSolution
		{F4AC12EB-C39D-4AE7-B4A6-7BAF4B5F52DF}.Debug|Any CPU.ActiveCfg = Debug|Any CPU
		{F4AC12EB-C39D-4AE7-B4A6-7BAF4B5F52DF}.Debug|Any CPU.Build.0 = Debug|Any CPU
		{F4AC12EB-C39D-4AE7-B4A6-7BAF4B5F52DF}.Release|Any CPU.ActiveCfg = Release|Any CPU
		{F4AC12EB-C39D-4AE7-B4A6-7BAF4B5F52DF}.Release|Any CPU.Build.0 = Release|Any CPU
	EndGlobalSection
	GlobalSection(SolutionProperties) = preSolution
		HideSolutionNode = FALSE
	EndGlobalSection
	GlobalSection(ExtensibilityGlobals) = postSolution
		SolutionGuid = {38933D3B-2F19-4980-957F-6F06C58731D3}
	EndGlobalSection
EndGlobal
