
Microsoft Visual Studio Solution File, Format Version 12.00
# Visual Studio 15
VisualStudioVersion = 15.0.28307.1684
MinimumVisualStudioVersion = 10.0.40219.1
Project("{FAE04EC0-301F-11D3-BF4B-00C04F79EFBC}") = "WindowsFormsApp1", "WindowsFormsApp1\WindowsFormsApp1.csproj", "{F17D90D1-D715-4D62-9C13-741202A5AC6F}"
EndProject
Global
	GlobalSection(SolutionConfigurationPlatforms) = preSolution
		Debug|Any CPU = Debug|Any CPU
		Release|Any CPU = Release|Any CPU
	EndGlobalSection
	GlobalSection(ProjectConfigurationPlatforms) = postSolution
		{F17D90D1-D715-4D62-9C13-741202A5AC6F}.Debug|Any CPU.ActiveCfg = Debug|Any CPU
		{F17D90D1-D715-4D62-9C13-741202A5AC6F}.Debug|Any CPU.Build.0 = Debug|Any CPU
		{F17D90D1-D715-4D62-9C13-741202A5AC6F}.Release|Any CPU.ActiveCfg = Release|Any CPU
		{F17D90D1-D715-4D62-9C13-741202A5AC6F}.Release|Any CPU.Build.0 = Release|Any CPU
	EndGlobalSection
	GlobalSection(SolutionProperties) = preSolution
		HideSolutionNode = FALSE
	EndGlobalSection
	GlobalSection(ExtensibilityGlobals) = postSolution
		SolutionGuid = {BFFAA76F-64E6-49AE-A79B-1DFA9EAB4CB5}
	EndGlobalSection
EndGlobal
