
Microsoft Visual Studio Solution File, Format Version 12.00
# Visual Studio 15
VisualStudioVersion = 15.0.26430.4
MinimumVisualStudioVersion = 10.0.40219.1
Project("{FAE04EC0-301F-11D3-BF4B-00C04F79EFBC}") = "ConnectionDemo1", "ConnectionDemo1.csproj", "{4F3578EC-5A7F-469C-A687-E869D3AE4442}"
EndProject
Global
	GlobalSection(SolutionConfigurationPlatforms) = preSolution
		Debug|Any CPU = Debug|Any CPU
		Release|Any CPU = Release|Any CPU
	EndGlobalSection
	GlobalSection(ProjectConfigurationPlatforms) = postSolution
		{4F3578EC-5A7F-469C-A687-E869D3AE4442}.Debug|Any CPU.ActiveCfg = Debug|x86
		{4F3578EC-5A7F-469C-A687-E869D3AE4442}.Release|Any CPU.ActiveCfg = Release|x86
	EndGlobalSection
	GlobalSection(SolutionProperties) = preSolution
		HideSolutionNode = FALSE
	EndGlobalSection
	GlobalSection(ExtensibilityGlobals) = postSolution
		SolutionGuid = {AD46A221-44ED-41AD-A141-C32EB34B9A97}
	EndGlobalSection
EndGlobal
